# This file is automatically @generated by Cargo.
# It is not intended for manual editing.
version = 3

[[package]]
name = "addr2line"
version = "0.16.0"
source = "registry+https://github.com/rust-lang/crates.io-index"
checksum = "3e61f2b7f93d2c7d2b08263acaa4a363b3e276806c68af6134c44f523bf1aacd"
dependencies = [
 "gimli",
]

[[package]]
name = "adler"
version = "1.0.2"
source = "registry+https://github.com/rust-lang/crates.io-index"
checksum = "f26201604c87b1e01bd3d98f8d5d9a8fcbb815e8cedb41ffccbeb4bf593a35fe"

[[package]]
name = "anyhow"
version = "1.0.44"
source = "registry+https://github.com/rust-lang/crates.io-index"
checksum = "61604a8f862e1d5c3229fdd78f8b02c68dcf73a4c4b05fd636d12240aaa242c1"
dependencies = [
 "backtrace",
]

[[package]]
name = "arrayvec"
version = "0.5.2"
source = "registry+https://github.com/rust-lang/crates.io-index"
checksum = "23b62fc65de8e4e7f52534fb52b0f3ed04746ae267519eef2a83941e8085068b"

[[package]]
name = "assert_matches"
version = "1.5.0"
source = "registry+https://github.com/rust-lang/crates.io-index"
checksum = "9b34d609dfbaf33d6889b2b7106d3ca345eacad44200913df5ba02bfd31d2ba9"

[[package]]
name = "autocfg"
version = "1.0.1"
source = "registry+https://github.com/rust-lang/crates.io-index"
checksum = "cdb031dd78e28731d87d56cc8ffef4a8f36ca26c38fe2de700543e627f8a464a"

[[package]]
name = "backtrace"
version = "0.3.61"
source = "registry+https://github.com/rust-lang/crates.io-index"
checksum = "e7a905d892734eea339e896738c14b9afce22b5318f64b951e70bf3844419b01"
dependencies = [
 "addr2line",
 "cc",
 "cfg-if",
 "libc",
 "miniz_oxide",
 "object",
 "rustc-demangle",
]

[[package]]
name = "base64"
version = "0.13.0"
source = "registry+https://github.com/rust-lang/crates.io-index"
checksum = "904dfeac50f3cdaba28fc6f57fdcddb75f49ed61346676a78c4ffe55877802fd"

[[package]]
name = "block-buffer"
version = "0.7.3"
source = "registry+https://github.com/rust-lang/crates.io-index"
checksum = "c0940dc441f31689269e10ac70eb1002a3a1d3ad1390e030043662eb7fe4688b"
dependencies = [
 "block-padding",
 "byte-tools",
 "byteorder",
 "generic-array 0.12.4",
]

[[package]]
name = "block-buffer"
version = "0.9.0"
source = "registry+https://github.com/rust-lang/crates.io-index"
checksum = "4152116fd6e9dadb291ae18fc1ec3575ed6d84c29642d97890f4b4a3417297e4"
dependencies = [
 "generic-array 0.14.4",
]

[[package]]
name = "block-padding"
version = "0.1.5"
source = "registry+https://github.com/rust-lang/crates.io-index"
checksum = "fa79dedbb091f449f1f39e53edf88d5dbe95f895dae6135a8d7b881fb5af73f5"
dependencies = [
 "byte-tools",
]

[[package]]
name = "byte-tools"
version = "0.3.1"
source = "registry+https://github.com/rust-lang/crates.io-index"
checksum = "e3b5ca7a04898ad4bcd41c90c5285445ff5b791899bb1b0abdd2a2aa791211d7"

[[package]]
name = "byteorder"
version = "1.4.3"
source = "registry+https://github.com/rust-lang/crates.io-index"
checksum = "14c189c53d098945499cdfa7ecc63567cf3886b3332b312a5b4585d8d3a6a610"

[[package]]
name = "bytes"
version = "1.1.0"
source = "registry+https://github.com/rust-lang/crates.io-index"
checksum = "c4872d67bab6358e59559027aa3b9157c53d9358c51423c17554809a8858e0f8"

[[package]]
name = "cc"
version = "1.0.70"
source = "registry+https://github.com/rust-lang/crates.io-index"
checksum = "d26a6ce4b6a484fa3edb70f7efa6fc430fd2b87285fe8b84304fd0936faa0dc0"

[[package]]
name = "cfg-if"
version = "1.0.0"
source = "registry+https://github.com/rust-lang/crates.io-index"
checksum = "baf1de4339761588bc0619e3cbc0120ee582ebb74b53b4efbf79117bd2da40fd"

[[package]]
name = "const-oid"
version = "0.6.1"
source = "registry+https://github.com/rust-lang/crates.io-index"
checksum = "fdab415d6744056100f40250a66bc430c1a46f7a02e20bc11c94c79a0f0464df"

[[package]]
name = "cosmwasm-crypto"
version = "1.0.0-soon2"
source = "registry+https://github.com/rust-lang/crates.io-index"
checksum = "cb1c1c11bbb5d807699448dacbdd68405433574201e056bfa5b90360d9dd7b49"
dependencies = [
 "digest 0.9.0",
 "ed25519-zebra",
 "k256",
 "rand_core 0.5.1",
 "thiserror",
]

[[package]]
name = "cosmwasm-derive"
version = "1.0.0-soon2"
source = "registry+https://github.com/rust-lang/crates.io-index"
checksum = "091cab3ef940dae3a8849521ed01737d540198de4623c44e1c8dde7df1de147c"
dependencies = [
 "syn",
]

[[package]]
name = "cosmwasm-schema"
version = "1.0.0-soon2"
source = "registry+https://github.com/rust-lang/crates.io-index"
checksum = "e0c9830cfb66bc85c723af3ac00d3e9ce67eefe464a467446d5d64e6847a8694"
dependencies = [
 "schemars",
 "serde_json",
]

[[package]]
name = "cosmwasm-std"
version = "1.0.0-soon2"
source = "registry+https://github.com/rust-lang/crates.io-index"
checksum = "76e7ad2e48af44ad5d2cc777751c47d8c915c48697c9f9245e47fc5d5d99c940"
dependencies = [
 "base64",
 "cosmwasm-crypto",
 "cosmwasm-derive",
 "schemars",
 "serde",
 "serde-json-wasm",
 "thiserror",
 "uint",
]

[[package]]
name = "cosmwasm-storage"
version = "1.0.0-soon2"
source = "registry+https://github.com/rust-lang/crates.io-index"
checksum = "0df382d5793600bc3df43f2885c43b872430f72c6cace141045c1a4f7e8793b6"
dependencies = [
 "cosmwasm-std",
 "serde",
]

[[package]]
name = "cpufeatures"
version = "0.2.1"
source = "registry+https://github.com/rust-lang/crates.io-index"
checksum = "95059428f66df56b63431fdb4e1947ed2190586af5c5a8a8b71122bdf5a7f469"
dependencies = [
 "libc",
]

[[package]]
name = "crunchy"
version = "0.2.2"
source = "registry+https://github.com/rust-lang/crates.io-index"
checksum = "7a81dae078cea95a014a339291cec439d2f232ebe854a9d672b796c6afafa9b7"

[[package]]
name = "crypto-bigint"
version = "0.2.9"
source = "registry+https://github.com/rust-lang/crates.io-index"
checksum = "51e7ef8604ba15f1ea2cef61e17577e630ee39aef7f94305d138dbf1a216ada3"
dependencies = [
 "generic-array 0.14.4",
 "rand_core 0.6.3",
 "subtle",
 "zeroize",
]

[[package]]
name = "crypto-mac"
version = "0.11.1"
source = "registry+https://github.com/rust-lang/crates.io-index"
checksum = "b1d1a86f49236c215f271d40892d5fc950490551400b02ef360692c29815c714"
dependencies = [
 "generic-array 0.14.4",
 "subtle",
]

[[package]]
name = "curve25519-dalek"
version = "3.2.0"
source = "registry+https://github.com/rust-lang/crates.io-index"
checksum = "0b9fdf9972b2bd6af2d913799d9ebc165ea4d2e65878e329d9c6b372c4491b61"
dependencies = [
 "byteorder",
 "digest 0.9.0",
 "rand_core 0.5.1",
 "subtle",
 "zeroize",
]

[[package]]
name = "cw-controllers"
version = "0.10.0-soon4"
dependencies = [
 "cosmwasm-std",
 "cw-storage-plus",
 "cw0",
 "schemars",
 "serde",
 "thiserror",
]

[[package]]
name = "cw-multi-test"
version = "0.10.0-soon4"
dependencies = [
 "anyhow",
 "cosmwasm-std",
 "cosmwasm-storage",
 "cw-storage-plus",
 "cw0",
 "derivative",
 "itertools",
 "prost",
 "schemars",
 "serde",
 "thiserror",
]

[[package]]
name = "cw-storage-plus"
version = "0.10.0-soon4"
dependencies = [
 "cosmwasm-std",
 "schemars",
 "serde",
]

[[package]]
name = "cw0"
version = "0.10.0-soon4"
dependencies = [
 "cosmwasm-std",
 "cw-storage-plus",
 "schemars",
 "serde",
 "thiserror",
]

[[package]]
name = "cw1"
version = "0.10.0-soon4"
dependencies = [
 "cosmwasm-schema",
 "cosmwasm-std",
 "schemars",
 "serde",
]

[[package]]
name = "cw1-subkeys"
version = "0.10.0-soon4"
dependencies = [
 "cosmwasm-schema",
 "cosmwasm-std",
 "cw-storage-plus",
 "cw0",
 "cw1",
 "cw1-whitelist",
 "cw2",
 "schemars",
 "serde",
 "thiserror",
]

[[package]]
name = "cw1-whitelist"
version = "0.10.0-soon4"
dependencies = [
 "anyhow",
 "assert_matches",
 "cosmwasm-schema",
 "cosmwasm-std",
 "cw-multi-test",
 "cw-storage-plus",
 "cw0",
 "cw1",
 "cw2",
 "derivative",
 "schemars",
 "serde",
 "thiserror",
]

[[package]]
name = "cw1155"
version = "0.10.0-soon4"
dependencies = [
 "cosmwasm-schema",
 "cosmwasm-std",
 "cw0",
 "schemars",
 "serde",
]

[[package]]
name = "cw1155-base"
version = "0.10.0-soon4"
dependencies = [
 "cosmwasm-schema",
 "cosmwasm-std",
 "cw-storage-plus",
 "cw0",
 "cw1155",
 "cw2",
 "schemars",
 "serde",
 "thiserror",
]

[[package]]
name = "cw2"
version = "0.10.0-soon4"
dependencies = [
 "cosmwasm-std",
 "cw-storage-plus",
 "schemars",
 "serde",
]

[[package]]
name = "cw20"
version = "0.10.0-soon4"
dependencies = [
 "cosmwasm-schema",
 "cosmwasm-std",
 "cw0",
 "schemars",
 "serde",
]

[[package]]
name = "cw20-atomic-swap"
version = "0.10.0-soon4"
dependencies = [
 "cosmwasm-schema",
 "cosmwasm-std",
 "cw-storage-plus",
 "cw0",
 "cw2",
 "cw20",
 "hex 0.3.2",
 "schemars",
 "serde",
 "sha2 0.8.2",
 "thiserror",
]

[[package]]
name = "cw20-base"
version = "0.10.0-soon4"
dependencies = [
 "cosmwasm-schema",
 "cosmwasm-std",
 "cw-storage-plus",
 "cw0",
 "cw2",
 "cw20",
 "schemars",
 "serde",
 "thiserror",
]

[[package]]
name = "cw20-bonding"
version = "0.10.0-soon4"
dependencies = [
 "cosmwasm-schema",
 "cosmwasm-std",
 "cw-storage-plus",
 "cw0",
 "cw2",
 "cw20",
 "cw20-base",
 "integer-cbrt",
 "integer-sqrt",
 "rust_decimal",
 "schemars",
 "serde",
 "thiserror",
]

[[package]]
name = "cw20-escrow"
version = "0.10.0-soon4"
dependencies = [
 "cosmwasm-schema",
 "cosmwasm-std",
 "cw-multi-test",
 "cw-storage-plus",
 "cw0",
 "cw2",
 "cw20",
 "cw20-base",
 "schemars",
 "serde",
 "thiserror",
]

[[package]]
name = "cw20-ics20"
version = "0.10.0-soon4"
dependencies = [
 "cosmwasm-schema",
 "cosmwasm-std",
 "cw-storage-plus",
 "cw0",
 "cw2",
 "cw20",
 "schemars",
 "serde",
 "thiserror",
]

[[package]]
name = "cw20-merkle-airdrop"
version = "0.7.0"
dependencies = [
 "cosmwasm-schema",
 "cosmwasm-std",
 "cw-storage-plus",
 "cw0",
 "cw2",
 "cw20",
 "hex 0.4.3",
 "schemars",
 "serde",
 "serde_json",
 "sha2 0.9.8",
 "thiserror",
]

[[package]]
name = "cw20-staking"
version = "0.10.0-soon4"
dependencies = [
 "cosmwasm-schema",
 "cosmwasm-std",
 "cw-controllers",
 "cw-storage-plus",
 "cw0",
 "cw2",
 "cw20",
 "cw20-base",
 "schemars",
 "serde",
 "thiserror",
]

[[package]]
name = "cw3"
version = "0.10.0-soon4"
dependencies = [
 "cosmwasm-schema",
 "cosmwasm-std",
 "cw0",
 "schemars",
 "serde",
]

[[package]]
name = "cw3-fixed-multisig"
version = "0.10.0-soon4"
dependencies = [
 "cosmwasm-schema",
 "cosmwasm-std",
 "cw-multi-test",
 "cw-storage-plus",
 "cw0",
 "cw2",
 "cw20",
 "cw20-base",
 "cw3",
 "schemars",
 "serde",
 "thiserror",
]

[[package]]
name = "cw3-flex-multisig"
version = "0.10.0-soon4"
dependencies = [
 "cosmwasm-schema",
 "cosmwasm-std",
 "cw-multi-test",
 "cw-storage-plus",
 "cw0",
 "cw2",
 "cw3",
 "cw4",
 "cw4-group",
 "schemars",
 "serde",
 "thiserror",
]

[[package]]
name = "cw4"
version = "0.10.0-soon4"
dependencies = [
 "cosmwasm-schema",
 "cosmwasm-std",
 "cw-storage-plus",
 "schemars",
 "serde",
]

[[package]]
name = "cw4-group"
version = "0.10.0-soon4"
dependencies = [
 "cosmwasm-schema",
 "cosmwasm-std",
 "cw-controllers",
 "cw-storage-plus",
 "cw0",
 "cw2",
 "cw4",
 "schemars",
 "serde",
 "thiserror",
]

[[package]]
name = "cw4-stake"
version = "0.10.0-soon4"
dependencies = [
 "cosmwasm-schema",
 "cosmwasm-std",
 "cw-controllers",
 "cw-storage-plus",
 "cw0",
 "cw2",
 "cw20",
 "cw4",
 "schemars",
 "serde",
 "thiserror",
]

[[package]]
name = "cw721"
version = "0.10.0-soon4"
dependencies = [
 "cosmwasm-schema",
 "cosmwasm-std",
 "cw0",
 "schemars",
 "serde",
]

[[package]]
name = "cw721-base"
version = "0.10.0-soon4"
dependencies = [
 "cosmwasm-schema",
 "cosmwasm-std",
 "cw-storage-plus",
 "cw0",
 "cw2",
 "cw721",
 "schemars",
 "serde",
 "thiserror",
]

[[package]]
name = "cw721-metadata-uri"
version = "0.9.0"
dependencies = [
 "cosmwasm-schema",
 "cosmwasm-std",
 "cw-storage-plus",
 "cw0",
 "cw2",
 "cw721",
 "cw721-base",
 "schemars",
 "serde",
 "thiserror",
]

[[package]]
name = "der"
version = "0.4.3"
source = "registry+https://github.com/rust-lang/crates.io-index"
checksum = "2adca118c71ecd9ae094d4b68257b3fdfcb711a612b9eec7b5a0d27a5a70a5b4"
dependencies = [
 "const-oid",
]

[[package]]
name = "derivative"
version = "2.2.0"
source = "registry+https://github.com/rust-lang/crates.io-index"
checksum = "fcc3dd5e9e9c0b295d6e1e4d811fb6f157d5ffd784b8d202fc62eac8035a770b"
dependencies = [
 "proc-macro2",
 "quote",
 "syn",
]

[[package]]
name = "digest"
version = "0.8.1"
source = "registry+https://github.com/rust-lang/crates.io-index"
checksum = "f3d0c8c8752312f9713efd397ff63acb9f85585afbf179282e720e7704954dd5"
dependencies = [
 "generic-array 0.12.4",
]

[[package]]
name = "digest"
version = "0.9.0"
source = "registry+https://github.com/rust-lang/crates.io-index"
checksum = "d3dd60d1080a57a05ab032377049e0591415d2b31afd7028356dbf3cc6dcb066"
dependencies = [
 "generic-array 0.14.4",
]

[[package]]
name = "dyn-clone"
version = "1.0.4"
source = "registry+https://github.com/rust-lang/crates.io-index"
checksum = "ee2626afccd7561a06cf1367e2950c4718ea04565e20fb5029b6c7d8ad09abcf"

[[package]]
name = "ecdsa"
version = "0.12.4"
source = "registry+https://github.com/rust-lang/crates.io-index"
checksum = "43ee23aa5b4f68c7a092b5c3beb25f50c406adc75e2363634f242f28ab255372"
dependencies = [
 "der",
 "elliptic-curve",
 "hmac",
 "signature",
]

[[package]]
name = "ed25519-zebra"
version = "2.2.0"
source = "registry+https://github.com/rust-lang/crates.io-index"
checksum = "0a128b76af6dd4b427e34a6fd43dc78dbfe73672ec41ff615a2414c1a0ad0409"
dependencies = [
 "curve25519-dalek",
 "hex 0.4.3",
 "rand_core 0.5.1",
 "serde",
 "sha2 0.9.8",
 "thiserror",
]

[[package]]
name = "either"
version = "1.6.1"
source = "registry+https://github.com/rust-lang/crates.io-index"
checksum = "e78d4f1cc4ae33bbfc157ed5d5a5ef3bc29227303d595861deb238fcec4e9457"

[[package]]
name = "elliptic-curve"
version = "0.10.6"
source = "registry+https://github.com/rust-lang/crates.io-index"
checksum = "beca177dcb8eb540133e7680baff45e7cc4d93bf22002676cec549f82343721b"
dependencies = [
 "crypto-bigint",
 "ff",
 "generic-array 0.14.4",
 "group",
 "pkcs8",
 "rand_core 0.6.3",
 "subtle",
 "zeroize",
]

[[package]]
name = "fake-simd"
version = "0.1.2"
source = "registry+https://github.com/rust-lang/crates.io-index"
checksum = "e88a8acf291dafb59c2d96e8f59828f3838bb1a70398823ade51a84de6a6deed"

[[package]]
name = "ff"
version = "0.10.1"
source = "registry+https://github.com/rust-lang/crates.io-index"
checksum = "d0f40b2dcd8bc322217a5f6559ae5f9e9d1de202a2ecee2e9eafcbece7562a4f"
dependencies = [
 "rand_core 0.6.3",
 "subtle",
]

[[package]]
name = "generic-array"
version = "0.12.4"
source = "registry+https://github.com/rust-lang/crates.io-index"
checksum = "ffdf9f34f1447443d37393cc6c2b8313aebddcd96906caf34e54c68d8e57d7bd"
dependencies = [
 "typenum",
]

[[package]]
name = "generic-array"
version = "0.14.4"
source = "registry+https://github.com/rust-lang/crates.io-index"
checksum = "501466ecc8a30d1d3b7fc9229b122b2ce8ed6e9d9223f1138d4babb253e51817"
dependencies = [
 "typenum",
 "version_check",
]

[[package]]
name = "getrandom"
version = "0.1.16"
source = "registry+https://github.com/rust-lang/crates.io-index"
checksum = "8fc3cb4d91f53b50155bdcfd23f6a4c39ae1969c2ae85982b135750cccaf5fce"
dependencies = [
 "cfg-if",
 "libc",
 "wasi 0.9.0+wasi-snapshot-preview1",
]

[[package]]
name = "getrandom"
version = "0.2.3"
source = "registry+https://github.com/rust-lang/crates.io-index"
checksum = "7fcd999463524c52659517fe2cea98493cfe485d10565e7b0fb07dbba7ad2753"
dependencies = [
 "cfg-if",
 "libc",
 "wasi 0.10.2+wasi-snapshot-preview1",
]

[[package]]
name = "gimli"
version = "0.25.0"
source = "registry+https://github.com/rust-lang/crates.io-index"
checksum = "f0a01e0497841a3b2db4f8afa483cce65f7e96a3498bd6c541734792aeac8fe7"

[[package]]
name = "group"
version = "0.10.0"
source = "registry+https://github.com/rust-lang/crates.io-index"
checksum = "1c363a5301b8f153d80747126a04b3c82073b9fe3130571a9d170cacdeaf7912"
dependencies = [
 "ff",
 "rand_core 0.6.3",
 "subtle",
]

[[package]]
name = "hex"
version = "0.3.2"
source = "registry+https://github.com/rust-lang/crates.io-index"
checksum = "805026a5d0141ffc30abb3be3173848ad46a1b1664fe632428479619a3644d77"

[[package]]
name = "hex"
version = "0.4.3"
source = "registry+https://github.com/rust-lang/crates.io-index"
checksum = "7f24254aa9a54b5c858eaee2f5bccdb46aaf0e486a595ed5fd8f86ba55232a70"

[[package]]
name = "hmac"
version = "0.11.0"
source = "registry+https://github.com/rust-lang/crates.io-index"
checksum = "2a2a2320eb7ec0ebe8da8f744d7812d9fc4cb4d09344ac01898dbcb6a20ae69b"
dependencies = [
 "crypto-mac",
 "digest 0.9.0",
]

[[package]]
name = "integer-cbrt"
version = "0.1.2"
source = "registry+https://github.com/rust-lang/crates.io-index"
checksum = "151bce4481ba7da831c7d12c32353cc79c73bf79732e343b92786e4cbbb2948c"
dependencies = [
 "num-traits",
]

[[package]]
name = "integer-sqrt"
version = "0.1.5"
source = "registry+https://github.com/rust-lang/crates.io-index"
checksum = "276ec31bcb4a9ee45f58bec6f9ec700ae4cf4f4f8f2fa7e06cb406bd5ffdd770"
dependencies = [
 "num-traits",
]

[[package]]
name = "itertools"
version = "0.10.1"
source = "registry+https://github.com/rust-lang/crates.io-index"
checksum = "69ddb889f9d0d08a67338271fa9b62996bc788c7796a5c18cf057420aaed5eaf"
dependencies = [
 "either",
]

[[package]]
name = "itoa"
version = "0.4.8"
source = "registry+https://github.com/rust-lang/crates.io-index"
checksum = "b71991ff56294aa922b450139ee08b3bfc70982c6b2c7562771375cf73542dd4"

[[package]]
name = "k256"
version = "0.9.6"
source = "registry+https://github.com/rust-lang/crates.io-index"
checksum = "903ae2481bcdfdb7b68e0a9baa4b7c9aff600b9ae2e8e5bb5833b8c91ab851ea"
dependencies = [
 "cfg-if",
 "ecdsa",
 "elliptic-curve",
 "sha2 0.9.8",
]

[[package]]
name = "libc"
version = "0.2.102"
source = "registry+https://github.com/rust-lang/crates.io-index"
checksum = "a2a5ac8f984bfcf3a823267e5fde638acc3325f6496633a5da6bb6eb2171e103"

[[package]]
name = "memchr"
version = "2.4.1"
source = "registry+https://github.com/rust-lang/crates.io-index"
checksum = "308cc39be01b73d0d18f82a0e7b2a3df85245f84af96fdddc5d202d27e47b86a"

[[package]]
name = "miniz_oxide"
version = "0.4.4"
source = "registry+https://github.com/rust-lang/crates.io-index"
checksum = "a92518e98c078586bc6c934028adcca4c92a53d6a958196de835170a01d84e4b"
dependencies = [
 "adler",
 "autocfg",
]

[[package]]
name = "num-traits"
version = "0.2.14"
source = "registry+https://github.com/rust-lang/crates.io-index"
checksum = "9a64b1ec5cda2586e284722486d802acf1f7dbdc623e2bfc57e65ca1cd099290"
dependencies = [
 "autocfg",
]

[[package]]
name = "object"
version = "0.26.2"
source = "registry+https://github.com/rust-lang/crates.io-index"
checksum = "39f37e50073ccad23b6d09bcb5b263f4e76d3bb6038e4a3c08e52162ffa8abc2"
dependencies = [
 "memchr",
]

[[package]]
name = "opaque-debug"
version = "0.2.3"
source = "registry+https://github.com/rust-lang/crates.io-index"
checksum = "2839e79665f131bdb5782e51f2c6c9599c133c6098982a54c794358bf432529c"

[[package]]
name = "opaque-debug"
version = "0.3.0"
source = "registry+https://github.com/rust-lang/crates.io-index"
checksum = "624a8340c38c1b80fd549087862da4ba43e08858af025b236e509b6649fc13d5"

[[package]]
name = "pkcs8"
version = "0.7.6"
source = "registry+https://github.com/rust-lang/crates.io-index"
checksum = "ee3ef9b64d26bad0536099c816c6734379e45bbd5f14798def6809e5cc350447"
dependencies = [
 "der",
 "spki",
]

[[package]]
name = "proc-macro2"
version = "1.0.29"
source = "registry+https://github.com/rust-lang/crates.io-index"
checksum = "b9f5105d4fdaab20335ca9565e106a5d9b82b6219b5ba735731124ac6711d23d"
dependencies = [
 "unicode-xid",
]

[[package]]
name = "prost"
version = "0.8.0"
source = "registry+https://github.com/rust-lang/crates.io-index"
checksum = "de5e2533f59d08fcf364fd374ebda0692a70bd6d7e66ef97f306f45c6c5d8020"
dependencies = [
 "bytes",
 "prost-derive",
]

[[package]]
name = "prost-derive"
version = "0.8.0"
source = "registry+https://github.com/rust-lang/crates.io-index"
checksum = "600d2f334aa05acb02a755e217ef1ab6dea4d51b58b7846588b747edec04efba"
dependencies = [
 "anyhow",
 "itertools",
 "proc-macro2",
 "quote",
 "syn",
]

[[package]]
name = "quote"
version = "1.0.9"
source = "registry+https://github.com/rust-lang/crates.io-index"
checksum = "c3d0b9745dc2debf507c8422de05d7226cc1f0644216dfdfead988f9b1ab32a7"
dependencies = [
 "proc-macro2",
]

[[package]]
name = "rand_core"
version = "0.5.1"
source = "registry+https://github.com/rust-lang/crates.io-index"
checksum = "90bde5296fc891b0cef12a6d03ddccc162ce7b2aff54160af9338f8d40df6d19"
dependencies = [
 "getrandom 0.1.16",
]

[[package]]
name = "rand_core"
version = "0.6.3"
source = "registry+https://github.com/rust-lang/crates.io-index"
checksum = "d34f1408f55294453790c48b2f1ebbb1c5b4b7563eb1f418bcfcfdbb06ebb4e7"
dependencies = [
 "getrandom 0.2.3",
]

[[package]]
name = "rust_decimal"
version = "1.16.0"
source = "registry+https://github.com/rust-lang/crates.io-index"
checksum = "e0f1028de22e436bb35fce070310ee57d57b5e59ae77b4e3f24ce4773312b813"
dependencies = [
 "arrayvec",
 "num-traits",
 "serde",
]

[[package]]
name = "rustc-demangle"
version = "0.1.21"
source = "registry+https://github.com/rust-lang/crates.io-index"
checksum = "7ef03e0a2b150c7a90d01faf6254c9c48a41e95fb2a8c2ac1c6f0d2b9aefc342"

[[package]]
name = "ryu"
version = "1.0.5"
source = "registry+https://github.com/rust-lang/crates.io-index"
checksum = "71d301d4193d031abdd79ff7e3dd721168a9572ef3fe51a1517aba235bd8f86e"

[[package]]
name = "schemars"
version = "0.8.4"
source = "registry+https://github.com/rust-lang/crates.io-index"
checksum = "885c12e31e1e1a44805b867da9176a3a710e0c9965aeff020db13cf82ee9dbe1"
dependencies = [
 "dyn-clone",
 "schemars_derive",
 "serde",
 "serde_json",
]

[[package]]
name = "schemars_derive"
version = "0.8.4"
source = "registry+https://github.com/rust-lang/crates.io-index"
checksum = "3dd851dbc056c0aaae2b164205b502572cf082274a877436f4546e1cf4211aad"
dependencies = [
 "proc-macro2",
 "quote",
 "serde_derive_internals",
 "syn",
]

[[package]]
name = "serde"
version = "1.0.130"
source = "registry+https://github.com/rust-lang/crates.io-index"
checksum = "f12d06de37cf59146fbdecab66aa99f9fe4f78722e3607577a5375d66bd0c913"
dependencies = [
 "serde_derive",
]

[[package]]
name = "serde-json-wasm"
version = "0.3.1"
source = "registry+https://github.com/rust-lang/crates.io-index"
checksum = "50eef3672ec8fa45f3457fd423ba131117786784a895548021976117c1ded449"
dependencies = [
 "serde",
]

[[package]]
name = "serde_derive"
version = "1.0.130"
source = "registry+https://github.com/rust-lang/crates.io-index"
checksum = "d7bc1a1ab1961464eae040d96713baa5a724a8152c1222492465b54322ec508b"
dependencies = [
 "proc-macro2",
 "quote",
 "syn",
]

[[package]]
name = "serde_derive_internals"
version = "0.25.0"
source = "registry+https://github.com/rust-lang/crates.io-index"
checksum = "1dbab34ca63057a1f15280bdf3c39f2b1eb1b54c17e98360e511637aef7418c6"
dependencies = [
 "proc-macro2",
 "quote",
 "syn",
]

[[package]]
name = "serde_json"
version = "1.0.68"
source = "registry+https://github.com/rust-lang/crates.io-index"
checksum = "0f690853975602e1bfe1ccbf50504d67174e3bcf340f23b5ea9992e0587a52d8"
dependencies = [
 "itoa",
 "ryu",
 "serde",
]

[[package]]
name = "sha2"
version = "0.8.2"
source = "registry+https://github.com/rust-lang/crates.io-index"
checksum = "a256f46ea78a0c0d9ff00077504903ac881a1dafdc20da66545699e7776b3e69"
dependencies = [
 "block-buffer 0.7.3",
 "digest 0.8.1",
 "fake-simd",
 "opaque-debug 0.2.3",
]

[[package]]
name = "sha2"
version = "0.9.8"
source = "registry+https://github.com/rust-lang/crates.io-index"
checksum = "b69f9a4c9740d74c5baa3fd2e547f9525fa8088a8a958e0ca2409a514e33f5fa"
dependencies = [
 "block-buffer 0.9.0",
 "cfg-if",
 "cpufeatures",
 "digest 0.9.0",
 "opaque-debug 0.3.0",
]

[[package]]
name = "signature"
version = "1.3.1"
source = "registry+https://github.com/rust-lang/crates.io-index"
checksum = "c19772be3c4dd2ceaacf03cb41d5885f2a02c4d8804884918e3a258480803335"
dependencies = [
 "digest 0.9.0",
 "rand_core 0.6.3",
]

[[package]]
name = "spki"
version = "0.4.1"
source = "registry+https://github.com/rust-lang/crates.io-index"
checksum = "5c01a0c15da1b0b0e1494112e7af814a678fec9bd157881b49beac661e9b6f32"
dependencies = [
 "der",
]

[[package]]
name = "static_assertions"
version = "1.1.0"
source = "registry+https://github.com/rust-lang/crates.io-index"
checksum = "a2eb9349b6444b326872e140eb1cf5e7c522154d69e7a0ffb0fb81c06b37543f"

[[package]]
name = "subtle"
version = "2.4.1"
source = "registry+https://github.com/rust-lang/crates.io-index"
checksum = "6bdef32e8150c2a081110b42772ffe7d7c9032b606bc226c8260fd97e0976601"

[[package]]
name = "syn"
version = "1.0.76"
source = "registry+https://github.com/rust-lang/crates.io-index"
checksum = "c6f107db402c2c2055242dbf4d2af0e69197202e9faacbef9571bbe47f5a1b84"
dependencies = [
 "proc-macro2",
 "quote",
 "unicode-xid",
]

[[package]]
name = "thiserror"
version = "1.0.29"
source = "registry+https://github.com/rust-lang/crates.io-index"
checksum = "602eca064b2d83369e2b2f34b09c70b605402801927c65c11071ac911d299b88"
dependencies = [
 "thiserror-impl",
]

[[package]]
name = "thiserror-impl"
version = "1.0.29"
source = "registry+https://github.com/rust-lang/crates.io-index"
checksum = "bad553cc2c78e8de258400763a647e80e6d1b31ee237275d756f6836d204494c"
dependencies = [
 "proc-macro2",
 "quote",
 "syn",
]

[[package]]
name = "typenum"
version = "1.14.0"
source = "registry+https://github.com/rust-lang/crates.io-index"
checksum = "b63708a265f51345575b27fe43f9500ad611579e764c79edbc2037b1121959ec"

[[package]]
name = "uint"
version = "0.9.1"
source = "registry+https://github.com/rust-lang/crates.io-index"
checksum = "6470ab50f482bde894a037a57064480a246dbfdd5960bd65a44824693f08da5f"
dependencies = [
 "byteorder",
 "crunchy",
 "hex 0.4.3",
 "static_assertions",
]

[[package]]
name = "unicode-xid"
version = "0.2.2"
source = "registry+https://github.com/rust-lang/crates.io-index"
checksum = "8ccb82d61f80a663efe1f787a51b16b5a51e3314d6ac365b08639f52387b33f3"

[[package]]
name = "version_check"
version = "0.9.3"
source = "registry+https://github.com/rust-lang/crates.io-index"
checksum = "5fecdca9a5291cc2b8dcf7dc02453fee791a280f3743cb0905f8822ae463b3fe"

[[package]]
name = "wasi"
version = "0.9.0+wasi-snapshot-preview1"
source = "registry+https://github.com/rust-lang/crates.io-index"
checksum = "cccddf32554fecc6acb585f82a32a72e28b48f8c4c1883ddfeeeaa96f7d8e519"

[[package]]
name = "wasi"
version = "0.10.2+wasi-snapshot-preview1"
source = "registry+https://github.com/rust-lang/crates.io-index"
checksum = "fd6fbd9a79829dd1ad0cc20627bf1ed606756a7f77edff7b66b7064f9cb327c6"

[[package]]
name = "zeroize"
version = "1.4.1"
source = "registry+https://github.com/rust-lang/crates.io-index"
checksum = "377db0846015f7ae377174787dd452e1c5f5a9050bc6f954911d01f116daa0cd"
